
Microsoft Visual Studio Solution File, Format Version 12.00
# Visual Studio Version 16
VisualStudioVersion = 16.0.29001.49
MinimumVisualStudioVersion = 10.0.40219.1
Project("{FAE04EC0-301F-11D3-BF4B-00C04F79EFBC}") = "InterfazDinamita", "InterfazDinamita\InterfazDinamita.csproj", "{EEACDE1C-36C0-4467-AE61-C026CBEB863B}"
EndProject
Global
	GlobalSection(SolutionConfigurationPlatforms) = preSolution
		Debug|Any CPU = Debug|Any CPU
		Release|Any CPU = Release|Any CPU
	EndGlobalSection
	GlobalSection(ProjectConfigurationPlatforms) = postSolution
		{EEACDE1C-36C0-4467-AE61-C026CBEB863B}.Debug|Any CPU.ActiveCfg = Debug|Any CPU
		{EEACDE1C-36C0-4467-AE61-C026CBEB863B}.Debug|Any CPU.Build.0 = Debug|Any CPU
		{EEACDE1C-36C0-4467-AE61-C026CBEB863B}.Release|Any CPU.ActiveCfg = Release|Any CPU
		{EEACDE1C-36C0-4467-AE61-C026CBEB863B}.Release|Any CPU.Build.0 = Release|Any CPU
	EndGlobalSection
	GlobalSection(SolutionProperties) = preSolution
		HideSolutionNode = FALSE
	EndGlobalSection
	GlobalSection(ExtensibilityGlobals) = postSolution
		SolutionGuid = {52D981F1-2531-433B-B423-4EC7AB7B779D}
	EndGlobalSection
EndGlobal
